
Microsoft Visual Studio Solution File, Format Version 12.00
# Visual Studio Version 17
VisualStudioVersion = 17.9.34622.214
MinimumVisualStudioVersion = 10.0.40219.1
Project("{2150E333-8FDC-42A3-9474-1A3956D46DE8}") = "Helpers", "Helpers", "{A34E75EF-CED9-4FC0-AD75-6143540C1991}"
EndProject
Project("{9A19103F-16F7-4668-BE54-9A1E7A4F7556}") = "SANYUKT.Commonlib", "SANYUKT.Commonlib\SANYUKT.Commonlib.csproj", "{84795541-060D-4B1C-8F60-35A2952C094E}"
EndProject
Project("{2150E333-8FDC-42A3-9474-1A3956D46DE8}") = "MiddleTier", "MiddleTier", "{0A799B89-39CB-4147-AA98-91A6227F5EF1}"
EndProject
Project("{9A19103F-16F7-4668-BE54-9A1E7A4F7556}") = "SANYUKT.Datamodel", "SANYUKT.Datamodel\SANYUKT.Datamodel.csproj", "{15B2FC9C-4CDB-4149-B6C4-A3D5FF6F362B}"
EndProject
Project("{9A19103F-16F7-4668-BE54-9A1E7A4F7556}") = "SANYUKT.Configuration", "SANYUKT.Configuration\SANYUKT.Configuration.csproj", "{51071FF1-C086-48BC-B49C-17788383CD6F}"
EndProject
Project("{9A19103F-16F7-4668-BE54-9A1E7A4F7556}") = "SANYUKT.Logging", "SANYUKT.Logging\SANYUKT.Logging.csproj", "{63AA4BFF-9AE4-4A02-97B2-1BED24A32DC9}"
EndProject
Project("{2150E333-8FDC-42A3-9474-1A3956D46DE8}") = "Backend", "Backend", "{FEC880BD-E7E2-4B52-9CC4-EB63854D0643}"
EndProject
Project("{FAE04EC0-301F-11D3-BF4B-00C04F79EFBC}") = "SANYUKT.Repository", "SANYUKT.Repository\SANYUKT.Repository.csproj", "{A2F08B52-621F-49B0-BABA-F5BF578B2EFD}"
EndProject
Project("{FAE04EC0-301F-11D3-BF4B-00C04F79EFBC}") = "SANYUKT.Database", "SANYUKT.Database\SANYUKT.Database.csproj", "{4FA382A5-8251-4260-961F-4DC0B79650B3}"
EndProject
Global
	GlobalSection(SolutionConfigurationPlatforms) = preSolution
		Debug|Any CPU = Debug|Any CPU
		Release|Any CPU = Release|Any CPU
	EndGlobalSection
	GlobalSection(ProjectConfigurationPlatforms) = postSolution
		{84795541-060D-4B1C-8F60-35A2952C094E}.Debug|Any CPU.ActiveCfg = Debug|Any CPU
		{84795541-060D-4B1C-8F60-35A2952C094E}.Debug|Any CPU.Build.0 = Debug|Any CPU
		{84795541-060D-4B1C-8F60-35A2952C094E}.Release|Any CPU.ActiveCfg = Release|Any CPU
		{84795541-060D-4B1C-8F60-35A2952C094E}.Release|Any CPU.Build.0 = Release|Any CPU
		{15B2FC9C-4CDB-4149-B6C4-A3D5FF6F362B}.Debug|Any CPU.ActiveCfg = Debug|Any CPU
		{15B2FC9C-4CDB-4149-B6C4-A3D5FF6F362B}.Debug|Any CPU.Build.0 = Debug|Any CPU
		{15B2FC9C-4CDB-4149-B6C4-A3D5FF6F362B}.Release|Any CPU.ActiveCfg = Release|Any CPU
		{15B2FC9C-4CDB-4149-B6C4-A3D5FF6F362B}.Release|Any CPU.Build.0 = Release|Any CPU
		{51071FF1-C086-48BC-B49C-17788383CD6F}.Debug|Any CPU.ActiveCfg = Debug|Any CPU
		{51071FF1-C086-48BC-B49C-17788383CD6F}.Debug|Any CPU.Build.0 = Debug|Any CPU
		{51071FF1-C086-48BC-B49C-17788383CD6F}.Release|Any CPU.ActiveCfg = Release|Any CPU
		{51071FF1-C086-48BC-B49C-17788383CD6F}.Release|Any CPU.Build.0 = Release|Any CPU
		{63AA4BFF-9AE4-4A02-97B2-1BED24A32DC9}.Debug|Any CPU.ActiveCfg = Debug|Any CPU
		{63AA4BFF-9AE4-4A02-97B2-1BED24A32DC9}.Debug|Any CPU.Build.0 = Debug|Any CPU
		{63AA4BFF-9AE4-4A02-97B2-1BED24A32DC9}.Release|Any CPU.ActiveCfg = Release|Any CPU
		{63AA4BFF-9AE4-4A02-97B2-1BED24A32DC9}.Release|Any CPU.Build.0 = Release|Any CPU
		{A2F08B52-621F-49B0-BABA-F5BF578B2EFD}.Debug|Any CPU.ActiveCfg = Debug|Any CPU
		{A2F08B52-621F-49B0-BABA-F5BF578B2EFD}.Debug|Any CPU.Build.0 = Debug|Any CPU
		{A2F08B52-621F-49B0-BABA-F5BF578B2EFD}.Release|Any CPU.ActiveCfg = Release|Any CPU
		{A2F08B52-621F-49B0-BABA-F5BF578B2EFD}.Release|Any CPU.Build.0 = Release|Any CPU
		{4FA382A5-8251-4260-961F-4DC0B79650B3}.Debug|Any CPU.ActiveCfg = Debug|Any CPU
		{4FA382A5-8251-4260-961F-4DC0B79650B3}.Debug|Any CPU.Build.0 = Debug|Any CPU
		{4FA382A5-8251-4260-961F-4DC0B79650B3}.Release|Any CPU.ActiveCfg = Release|Any CPU
		{4FA382A5-8251-4260-961F-4DC0B79650B3}.Release|Any CPU.Build.0 = Release|Any CPU
	EndGlobalSection
	GlobalSection(SolutionProperties) = preSolution
		HideSolutionNode = FALSE
	EndGlobalSection
	GlobalSection(NestedProjects) = preSolution
		{84795541-060D-4B1C-8F60-35A2952C094E} = {A34E75EF-CED9-4FC0-AD75-6143540C1991}
		{15B2FC9C-4CDB-4149-B6C4-A3D5FF6F362B} = {0A799B89-39CB-4147-AA98-91A6227F5EF1}
		{51071FF1-C086-48BC-B49C-17788383CD6F} = {0A799B89-39CB-4147-AA98-91A6227F5EF1}
		{63AA4BFF-9AE4-4A02-97B2-1BED24A32DC9} = {A34E75EF-CED9-4FC0-AD75-6143540C1991}
		{A2F08B52-621F-49B0-BABA-F5BF578B2EFD} = {FEC880BD-E7E2-4B52-9CC4-EB63854D0643}
		{4FA382A5-8251-4260-961F-4DC0B79650B3} = {FEC880BD-E7E2-4B52-9CC4-EB63854D0643}
	EndGlobalSection
	GlobalSection(ExtensibilityGlobals) = postSolution
		SolutionGuid = {6E19F09B-2793-4FDB-BD75-4D79249009BE}
	EndGlobalSection
EndGlobal
